
Microsoft Visual Studio Solution File, Format Version 12.00
# Visual Studio Version 17
VisualStudioVersion = 17.5.002.0
MinimumVisualStudioVersion = 10.0.40219.1
Project("{9A19103F-16F7-4668-BE54-9A1E7A4F7556}") = "Test", "Test.csproj", "{58590920-D5E4-46BF-AE32-298EA7691B95}"
EndProject
Global
	GlobalSection(SolutionConfigurationPlatforms) = preSolution
		Debug|Any CPU = Debug|Any CPU
		Release|Any CPU = Release|Any CPU
	EndGlobalSection
	GlobalSection(ProjectConfigurationPlatforms) = postSolution
		{58590920-D5E4-46BF-AE32-298EA7691B95}.Debug|Any CPU.ActiveCfg = Debug|Any CPU
		{58590920-D5E4-46BF-AE32-298EA7691B95}.Debug|Any CPU.Build.0 = Debug|Any CPU
		{58590920-D5E4-46BF-AE32-298EA7691B95}.Release|Any CPU.ActiveCfg = Release|Any CPU
		{58590920-D5E4-46BF-AE32-298EA7691B95}.Release|Any CPU.Build.0 = Release|Any CPU
	EndGlobalSection
	GlobalSection(SolutionProperties) = preSolution
		HideSolutionNode = FALSE
	EndGlobalSection
	GlobalSection(ExtensibilityGlobals) = postSolution
		SolutionGuid = {45AA62EE-D5FB-4534-BB27-A79ED158BC78}
	EndGlobalSection
EndGlobal
